
Microsoft Visual Studio Solution File, Format Version 12.00
# Visual Studio Version 16
VisualStudioVersion = 16.0.30621.155
MinimumVisualStudioVersion = 10.0.40219.1
Project("{FAE04EC0-301F-11D3-BF4B-00C04F79EFBC}") = "FibonacciCheckerAPI", "FibonacciCheckerAPI.csproj", "{725EC272-5CFD-41D9-A54D-DC63195750D0}"
EndProject
Global
	GlobalSection(SolutionConfigurationPlatforms) = preSolution
		Debug|Any CPU = Debug|Any CPU
		Release|Any CPU = Release|Any CPU
	EndGlobalSection
	GlobalSection(ProjectConfigurationPlatforms) = postSolution
		{725EC272-5CFD-41D9-A54D-DC63195750D0}.Debug|Any CPU.ActiveCfg = Debug|Any CPU
		{725EC272-5CFD-41D9-A54D-DC63195750D0}.Debug|Any CPU.Build.0 = Debug|Any CPU
		{725EC272-5CFD-41D9-A54D-DC63195750D0}.Release|Any CPU.ActiveCfg = Release|Any CPU
		{725EC272-5CFD-41D9-A54D-DC63195750D0}.Release|Any CPU.Build.0 = Release|Any CPU
	EndGlobalSection
	GlobalSection(SolutionProperties) = preSolution
		HideSolutionNode = FALSE
	EndGlobalSection
	GlobalSection(ExtensibilityGlobals) = postSolution
		SolutionGuid = {94356E2C-46EE-4E8B-80F0-EBD45AA1F754}
	EndGlobalSection
EndGlobal
